
Microsoft Visual Studio Solution File, Format Version 12.00
# Visual Studio 15
VisualStudioVersion = 15.0.28307.572
MinimumVisualStudioVersion = 10.0.40219.1
Project("{9A19103F-16F7-4668-BE54-9A1E7A4F7556}") = "ForgeCMETool", "ForgeCMETool\ForgeCMETool.csproj", "{AF73CED6-68A0-45F1-9040-D73E9BFBA482}"
EndProject
Project("{FAE04EC0-301F-11D3-BF4B-00C04F79EFBC}") = "ModifyFamily", "ModifyFamily\ModifyFamily.csproj", "{A6D588D9-9BCA-498F-A44F-D577D7D135E4}"
EndProject
Global
	GlobalSection(SolutionConfigurationPlatforms) = preSolution
		Debug|Any CPU = Debug|Any CPU
		Release|Any CPU = Release|Any CPU
	EndGlobalSection
	GlobalSection(ProjectConfigurationPlatforms) = postSolution
		{AF73CED6-68A0-45F1-9040-D73E9BFBA482}.Debug|Any CPU.ActiveCfg = Debug|Any CPU
		{AF73CED6-68A0-45F1-9040-D73E9BFBA482}.Debug|Any CPU.Build.0 = Debug|Any CPU
		{AF73CED6-68A0-45F1-9040-D73E9BFBA482}.Release|Any CPU.ActiveCfg = Release|Any CPU
		{AF73CED6-68A0-45F1-9040-D73E9BFBA482}.Release|Any CPU.Build.0 = Release|Any CPU
		{A6D588D9-9BCA-498F-A44F-D577D7D135E4}.Debug|Any CPU.ActiveCfg = Debug|Any CPU
		{A6D588D9-9BCA-498F-A44F-D577D7D135E4}.Debug|Any CPU.Build.0 = Debug|Any CPU
		{A6D588D9-9BCA-498F-A44F-D577D7D135E4}.Release|Any CPU.ActiveCfg = Release|Any CPU
		{A6D588D9-9BCA-498F-A44F-D577D7D135E4}.Release|Any CPU.Build.0 = Release|Any CPU
	EndGlobalSection
	GlobalSection(SolutionProperties) = preSolution
		HideSolutionNode = FALSE
	EndGlobalSection
	GlobalSection(ExtensibilityGlobals) = postSolution
		SolutionGuid = {C0FB465C-A8BE-4CFE-B05B-A2DB08412B69}
	EndGlobalSection
EndGlobal
